
Microsoft Visual Studio Solution File, Format Version 12.00
# Visual Studio Version 17
VisualStudioVersion = 17.8.34511.84
MinimumVisualStudioVersion = 10.0.40219.1
Project("{FAE04EC0-301F-11D3-BF4B-00C04F79EFBC}") = "MiniPloomes", "MiniPloomes\MiniPloomes.csproj", "{620FE8D4-0E6F-446F-9CB2-F029ABA2AB90}"
EndProject
Global
	GlobalSection(SolutionConfigurationPlatforms) = preSolution
		Debug|Any CPU = Debug|Any CPU
		Release|Any CPU = Release|Any CPU
	EndGlobalSection
	GlobalSection(ProjectConfigurationPlatforms) = postSolution
		{620FE8D4-0E6F-446F-9CB2-F029ABA2AB90}.Debug|Any CPU.ActiveCfg = Debug|Any CPU
		{620FE8D4-0E6F-446F-9CB2-F029ABA2AB90}.Debug|Any CPU.Build.0 = Debug|Any CPU
		{620FE8D4-0E6F-446F-9CB2-F029ABA2AB90}.Release|Any CPU.ActiveCfg = Release|Any CPU
		{620FE8D4-0E6F-446F-9CB2-F029ABA2AB90}.Release|Any CPU.Build.0 = Release|Any CPU
	EndGlobalSection
	GlobalSection(SolutionProperties) = preSolution
		HideSolutionNode = FALSE
	EndGlobalSection
	GlobalSection(ExtensibilityGlobals) = postSolution
		SolutionGuid = {3766CC06-C8B6-4A81-B3A7-283EB3865FF3}
	EndGlobalSection
EndGlobal
